
Microsoft Visual Studio Solution File, Format Version 12.00
# Visual Studio Version 17
VisualStudioVersion = 17.5.002.0
MinimumVisualStudioVersion = 10.0.40219.1
Project("{9A19103F-16F7-4668-BE54-9A1E7A4F7556}") = "Apheleon", "Backend\Apheleon.csproj", "{6EDBD028-50E6-4BB7-92D9-FDC15FEA3E6C}"
EndProject
Global
	GlobalSection(SolutionConfigurationPlatforms) = preSolution
		Debug|Any CPU = Debug|Any CPU
		Release|Any CPU = Release|Any CPU
	EndGlobalSection
	GlobalSection(ProjectConfigurationPlatforms) = postSolution
		{6EDBD028-50E6-4BB7-92D9-FDC15FEA3E6C}.Debug|Any CPU.ActiveCfg = Debug|Any CPU
		{6EDBD028-50E6-4BB7-92D9-FDC15FEA3E6C}.Debug|Any CPU.Build.0 = Debug|Any CPU
		{6EDBD028-50E6-4BB7-92D9-FDC15FEA3E6C}.Release|Any CPU.ActiveCfg = Release|Any CPU
		{6EDBD028-50E6-4BB7-92D9-FDC15FEA3E6C}.Release|Any CPU.Build.0 = Release|Any CPU
	EndGlobalSection
	GlobalSection(SolutionProperties) = preSolution
		HideSolutionNode = FALSE
	EndGlobalSection
	GlobalSection(ExtensibilityGlobals) = postSolution
		SolutionGuid = {A323D7AA-0126-4DD5-8C7E-6460EA82DD32}
	EndGlobalSection
EndGlobal
